
Microsoft Visual Studio Solution File, Format Version 12.00
# Visual Studio Version 16
VisualStudioVersion = 16.0.31515.178
MinimumVisualStudioVersion = 10.0.40219.1
Project("{FAE04EC0-301F-11D3-BF4B-00C04F79EFBC}") = "SQLServerSource", "SQLServerSource\SQLServerSource.csproj", "{7A7FD619-2824-45CE-BAE1-7C8514CC277C}"
EndProject
Global
	GlobalSection(SolutionConfigurationPlatforms) = preSolution
		Debug|Any CPU = Debug|Any CPU
		Release|Any CPU = Release|Any CPU
	EndGlobalSection
	GlobalSection(ProjectConfigurationPlatforms) = postSolution
		{7A7FD619-2824-45CE-BAE1-7C8514CC277C}.Debug|Any CPU.ActiveCfg = Debug|Any CPU
		{7A7FD619-2824-45CE-BAE1-7C8514CC277C}.Debug|Any CPU.Build.0 = Debug|Any CPU
		{7A7FD619-2824-45CE-BAE1-7C8514CC277C}.Release|Any CPU.ActiveCfg = Release|Any CPU
		{7A7FD619-2824-45CE-BAE1-7C8514CC277C}.Release|Any CPU.Build.0 = Release|Any CPU
	EndGlobalSection
	GlobalSection(SolutionProperties) = preSolution
		HideSolutionNode = FALSE
	EndGlobalSection
	GlobalSection(ExtensibilityGlobals) = postSolution
		SolutionGuid = {80FE1493-5D73-4624-B1AC-62ED55F1C4A1}
	EndGlobalSection
EndGlobal
